// !$*UTF8*$!
{
	archiveVersion = 1;
	classes = {
	};
	objectVersion = 46;
	objects = {

/* Begin PBXBuildFile section */
		7440D0321D68FEE8002814F2 /* SNVectorEditor.swift in Sources */ = {isa = PBXBuildFile; fileRef = 7440D0311D68FEE8002814F2 /* SNVectorEditor.swift */; };
		7440D0341D68FF2D002814F2 /* SNNodeView.swift in Sources */ = {isa = PBXBuildFile; fileRef = 7440D0331D68FF2D002814F2 /* SNNodeView.swift */; };
		74F4137F1D63DA04006F765E /* AppDelegate.swift in Sources */ = {isa = PBXBuildFile; fileRef = 74F4137E1D63DA04006F765E /* AppDelegate.swift */; };
		74F413811D63DA04006F765E /* ViewController.swift in Sources */ = {isa = PBXBuildFile; fileRef = 74F413801D63DA04006F765E /* ViewController.swift */; };
		74F413841D63DA04006F765E /* Main.storyboard in Resources */ = {isa = PBXBuildFile; fileRef = 74F413821D63DA04006F765E /* Main.storyboard */; };
		74F413861D63DA04006F765E /* Assets.xcassets in Resources */ = {isa = PBXBuildFile; fileRef = 74F413851D63DA04006F765E /* Assets.xcassets */; };
		74F413891D63DA04006F765E /* LaunchScreen.storyboard in Resources */ = {isa = PBXBuildFile; fileRef = 74F413871D63DA04006F765E /* LaunchScreen.storyboard */; };
		74F413941D63DAF3006F765E /* SNDrawView.swift in Sources */ = {isa = PBXBuildFile; fileRef = 74F413911D63DAF3006F765E /* SNDrawView.swift */; };
		74F413951D63DAF3006F765E /* SNPath.swift in Sources */ = {isa = PBXBuildFile; fileRef = 74F413921D63DAF3006F765E /* SNPath.swift */; };
		74F413961D63DAF3006F765E /* SNPathBuilder.swift in Sources */ = {isa = PBXBuildFile; fileRef = 74F413931D63DAF3006F765E /* SNPathBuilder.swift */; };
/* End PBXBuildFile section */

/* Begin PBXFileReference section */
		7440D0311D68FEE8002814F2 /* SNVectorEditor.swift */ = {isa = PBXFileReference; fileEncoding = 4; lastKnownFileType = sourcecode.swift; path = SNVectorEditor.swift; sourceTree = "<group>"; };
		7440D0331D68FF2D002814F2 /* SNNodeView.swift */ = {isa = PBXFileReference; fileEncoding = 4; lastKnownFileType = sourcecode.swift; path = SNNodeView.swift; sourceTree = "<group>"; };
		74F4137B1D63DA04006F765E /* SNVector.app */ = {isa = PBXFileReference; explicitFileType = wrapper.application; includeInIndex = 0; path = SNVector.app; sourceTree = BUILT_PRODUCTS_DIR; };
		74F4137E1D63DA04006F765E /* AppDelegate.swift */ = {isa = PBXFileReference; lastKnownFileType = sourcecode.swift; path = AppDelegate.swift; sourceTree = "<group>"; };
		74F413801D63DA04006F765E /* ViewController.swift */ = {isa = PBXFileReference; lastKnownFileType = sourcecode.swift; path = ViewController.swift; sourceTree = "<group>"; };
		74F413831D63DA04006F765E /* Base */ = {isa = PBXFileReference; lastKnownFileType = file.storyboard; name = Base; path = Base.lproj/Main.storyboard; sourceTree = "<group>"; };
		74F413851D63DA04006F765E /* Assets.xcassets */ = {isa = PBXFileReference; lastKnownFileType = folder.assetcatalog; path = Assets.xcassets; sourceTree = "<group>"; };
		74F413881D63DA04006F765E /* Base */ = {isa = PBXFileReference; lastKnownFileType = file.storyboard; name = Base; path = Base.lproj/LaunchScreen.storyboard; sourceTree = "<group>"; };
		74F4138A1D63DA04006F765E /* Info.plist */ = {isa = PBXFileReference; lastKnownFileType = text.plist.xml; path = Info.plist; sourceTree = "<group>"; };
		74F413911D63DAF3006F765E /* SNDrawView.swift */ = {isa = PBXFileReference; fileEncoding = 4; lastKnownFileType = sourcecode.swift; path = SNDrawView.swift; sourceTree = "<group>"; };
		74F413921D63DAF3006F765E /* SNPath.swift */ = {isa = PBXFileReference; fileEncoding = 4; lastKnownFileType = sourcecode.swift; path = SNPath.swift; sourceTree = "<group>"; };
		74F413931D63DAF3006F765E /* SNPathBuilder.swift */ = {isa = PBXFileReference; fileEncoding = 4; lastKnownFileType = sourcecode.swift; path = SNPathBuilder.swift; sourceTree = "<group>"; };
		74F4139A1D640D93006F765E /* README.md */ = {isa = PBXFileReference; fileEncoding = 4; lastKnownFileType = net.daringfireball.markdown; name = README.md; path = ../../README.md; sourceTree = "<group>"; };
/* End PBXFileReference section */

/* Begin PBXFrameworksBuildPhase section */
		74F413781D63DA04006F765E /* Frameworks */ = {
			isa = PBXFrameworksBuildPhase;
			buildActionMask = 2147483647;
			files = (
			);
			runOnlyForDeploymentPostprocessing = 0;
		};
/* End PBXFrameworksBuildPhase section */

/* Begin PBXGroup section */
		74F413721D63DA04006F765E = {
			isa = PBXGroup;
			children = (
				74F413901D63DAF3006F765E /* SNDraw */,
				74F413971D63DD0B006F765E /* src */,
				74F4137D1D63DA04006F765E /* SNVector */,
				74F4137C1D63DA04006F765E /* Products */,
			);
			sourceTree = "<group>";
		};
		74F4137C1D63DA04006F765E /* Products */ = {
			isa = PBXGroup;
			children = (
				74F4137B1D63DA04006F765E /* SNVector.app */,
			);
			name = Products;
			sourceTree = "<group>";
		};
		74F4137D1D63DA04006F765E /* SNVector */ = {
			isa = PBXGroup;
			children = (
				74F4139A1D640D93006F765E /* README.md */,
				7440D0311D68FEE8002814F2 /* SNVectorEditor.swift */,
				7440D0331D68FF2D002814F2 /* SNNodeView.swift */,
				74F4137E1D63DA04006F765E /* AppDelegate.swift */,
				74F413801D63DA04006F765E /* ViewController.swift */,
				74F413821D63DA04006F765E /* Main.storyboard */,
				74F413851D63DA04006F765E /* Assets.xcassets */,
				74F413871D63DA04006F765E /* LaunchScreen.storyboard */,
				74F4138A1D63DA04006F765E /* Info.plist */,
			);
			path = SNVector;
			sourceTree = "<group>";
		};
		74F413901D63DAF3006F765E /* SNDraw */ = {
			isa = PBXGroup;
			children = (
				74F413911D63DAF3006F765E /* SNDrawView.swift */,
				74F413921D63DAF3006F765E /* SNPath.swift */,
				74F413931D63DAF3006F765E /* SNPathBuilder.swift */,
			);
			name = SNDraw;
			path = ../SNDraw/src;
			sourceTree = "<group>";
		};
		74F413971D63DD0B006F765E /* src */ = {
			isa = PBXGroup;
			children = (
			);
			name = src;
			path = ../src;
			sourceTree = "<group>";
		};
/* End PBXGroup section */

/* Begin PBXNativeTarget section */
		74F4137A1D63DA04006F765E /* SNVector */ = {
			isa = PBXNativeTarget;
			buildConfigurationList = 74F4138D1D63DA04006F765E /* Build configuration list for PBXNativeTarget "SNVector" */;
			buildPhases = (
				74F413771D63DA04006F765E /* Sources */,
				74F413781D63DA04006F765E /* Frameworks */,
				74F413791D63DA04006F765E /* Resources */,
			);
			buildRules = (
			);
			dependencies = (
			);
			name = SNVector;
			productName = SNVector;
			productReference = 74F4137B1D63DA04006F765E /* SNVector.app */;
			productType = "com.apple.product-type.application";
		};
/* End PBXNativeTarget section */

/* Begin PBXProject section */
		74F413731D63DA04006F765E /* Project object */ = {
			isa = PBXProject;
			attributes = {
				LastSwiftUpdateCheck = 0730;
				LastUpgradeCheck = 0730;
				ORGANIZATIONNAME = "Satoshi Nakajima";
				TargetAttributes = {
					74F4137A1D63DA04006F765E = {
						CreatedOnToolsVersion = 7.3.1;
					};
				};
			};
			buildConfigurationList = 74F413761D63DA04006F765E /* Build configuration list for PBXProject "SNVector" */;
			compatibilityVersion = "Xcode 3.2";
			developmentRegion = English;
			hasScannedForEncodings = 0;
			knownRegions = (
				en,
				Base,
			);
			mainGroup = 74F413721D63DA04006F765E;
			productRefGroup = 74F4137C1D63DA04006F765E /* Products */;
			projectDirPath = "";
			projectRoot = "";
			targets = (
				74F4137A1D63DA04006F765E /* SNVector */,
			);
		};
/* End PBXProject section */

/* Begin PBXResourcesBuildPhase section */
		74F413791D63DA04006F765E /* Resources */ = {
			isa = PBXResourcesBuildPhase;
			buildActionMask = 2147483647;
			files = (
				74F413891D63DA04006F765E /* LaunchScreen.storyboard in Resources */,
				74F413861D63DA04006F765E /* Assets.xcassets in Resources */,
				74F413841D63DA04006F765E /* Main.storyboard in Resources */,
			);
			runOnlyForDeploymentPostprocessing = 0;
		};
/* End PBXResourcesBuildPhase section */

/* Begin PBXSourcesBuildPhase section */
		74F413771D63DA04006F765E /* Sources */ = {
			isa = PBXSourcesBuildPhase;
			buildActionMask = 2147483647;
			files = (
				74F413961D63DAF3006F765E /* SNPathBuilder.swift in Sources */,
				74F413811D63DA04006F765E /* ViewController.swift in Sources */,
				7440D0321D68FEE8002814F2 /* SNVectorEditor.swift in Sources */,
				74F413951D63DAF3006F765E /* SNPath.swift in Sources */,
				7440D0341D68FF2D002814F2 /* SNNodeView.swift in Sources */,
				74F413941D63DAF3006F765E /* SNDrawView.swift in Sources */,
				74F4137F1D63DA04006F765E /* AppDelegate.swift in Sources */,
			);
			runOnlyForDeploymentPostprocessing = 0;
		};
/* End PBXSourcesBuildPhase section */

/* Begin PBXVariantGroup section */
		74F413821D63DA04006F765E /* Main.storyboard */ = {
			isa = PBXVariantGroup;
			children = (
				74F413831D63DA04006F765E /* Base */,
			);
			name = Main.storyboard;
			sourceTree = "<group>";
		};
		74F413871D63DA04006F765E /* LaunchScreen.storyboard */ = {
			isa = PBXVariantGroup;
			children = (
				74F413881D63DA04006F765E /* Base */,
			);
			name = LaunchScreen.storyboard;
			sourceTree = "<group>";
		};
/* End PBXVariantGroup section */

/* Begin XCBuildConfiguration section */
		74F4138B1D63DA04006F765E /* Debug */ = {
			isa = XCBuildConfiguration;
			buildSettings = {
				ALWAYS_SEARCH_USER_PATHS = NO;
				CLANG_ANALYZER_NONNULL = YES;
				CLANG_CXX_LANGUAGE_STANDARD = "gnu++0x";
				CLANG_CXX_LIBRARY = "libc++";
				CLANG_ENABLE_MODULES = YES;
				CLANG_ENABLE_OBJC_ARC = YES;
				CLANG_WARN_BOOL_CONVERSION = YES;
				CLANG_WARN_CONSTANT_CONVERSION = YES;
				CLANG_WARN_DIRECT_OBJC_ISA_USAGE = YES_ERROR;
				CLANG_WARN_EMPTY_BODY = YES;
				CLANG_WARN_ENUM_CONVERSION = YES;
				CLANG_WARN_INT_CONVERSION = YES;
				CLANG_WARN_OBJC_ROOT_CLASS = YES_ERROR;
				CLANG_WARN_UNREACHABLE_CODE = YES;
				CLANG_WARN__DUPLICATE_METHOD_MATCH = YES;
				"CODE_SIGN_IDENTITY[sdk=iphoneos*]" = "iPhone Developer";
				COPY_PHASE_STRIP = NO;
				DEBUG_INFORMATION_FORMAT = dwarf;
				ENABLE_STRICT_OBJC_MSGSEND = YES;
				ENABLE_TESTABILITY = YES;
				GCC_C_LANGUAGE_STANDARD = gnu99;
				GCC_DYNAMIC_NO_PIC = NO;
				GCC_NO_COMMON_BLOCKS = YES;
				GCC_OPTIMIZATION_LEVEL = 0;
				GCC_PREPROCESSOR_DEFINITIONS = (
					"DEBUG=1",
					"$(inherited)",
				);
				GCC_WARN_64_TO_32_BIT_CONVERSION = YES;
				GCC_WARN_ABOUT_RETURN_TYPE = YES_ERROR;
				GCC_WARN_UNDECLARED_SELECTOR = YES;
				GCC_WARN_UNINITIALIZED_AUTOS = YES_AGGRESSIVE;
				GCC_WARN_UNUSED_FUNCTION = YES;
				GCC_WARN_UNUSED_VARIABLE = YES;
				IPHONEOS_DEPLOYMENT_TARGET = 9.3;
				MTL_ENABLE_DEBUG_INFO = YES;
				ONLY_ACTIVE_ARCH = YES;
				SDKROOT = iphoneos;
				SWIFT_OPTIMIZATION_LEVEL = "-Onone";
			};
			name = Debug;
		};
		74F4138C1D63DA04006F765E /* Release */ = {
			isa = XCBuildConfiguration;
			buildSettings = {
				ALWAYS_SEARCH_USER_PATHS = NO;
				CLANG_ANALYZER_NONNULL = YES;
				CLANG_CXX_LANGUAGE_STANDARD = "gnu++0x";
				CLANG_CXX_LIBRARY = "libc++";
				CLANG_ENABLE_MODULES = YES;
				CLANG_ENABLE_OBJC_ARC = YES;
				CLANG_WARN_BOOL_CONVERSION = YES;
				CLANG_WARN_CONSTANT_CONVERSION = YES;
				CLANG_WARN_DIRECT_OBJC_ISA_USAGE = YES_ERROR;
				CLANG_WARN_EMPTY_BODY = YES;
				CLANG_WARN_ENUM_CONVERSION = YES;
				CLANG_WARN_INT_CONVERSION = YES;
				CLANG_WARN_OBJC_ROOT_CLASS = YES_ERROR;
				CLANG_WARN_UNREACHABLE_CODE = YES;
				CLANG_WARN__DUPLICATE_METHOD_MATCH = YES;
				"CODE_SIGN_IDENTITY[sdk=iphoneos*]" = "iPhone Developer";
				COPY_PHASE_STRIP = NO;
				DEBUG_INFORMATION_FORMAT = "dwarf-with-dsym";
				ENABLE_NS_ASSERTIONS = NO;
				ENABLE_STRICT_OBJC_MSGSEND = YES;
				GCC_C_LANGUAGE_STANDARD = gnu99;
				GCC_NO_COMMON_BLOCKS = YES;
				GCC_WARN_64_TO_32_BIT_CONVERSION = YES;
				GCC_WARN_ABOUT_RETURN_TYPE = YES_ERROR;
				GCC_WARN_UNDECLARED_SELECTOR = YES;
				GCC_WARN_UNINITIALIZED_AUTOS = YES_AGGRESSIVE;
				GCC_WARN_UNUSED_FUNCTION = YES;
				GCC_WARN_UNUSED_VARIABLE = YES;
				IPHONEOS_DEPLOYMENT_TARGET = 9.3;
				MTL_ENABLE_DEBUG_INFO = NO;
				SDKROOT = iphoneos;
				VALIDATE_PRODUCT = YES;
			};
			name = Release;
		};
		74F4138E1D63DA04006F765E /* Debug */ = {
			isa = XCBuildConfiguration;
			buildSettings = {
				ASSETCATALOG_COMPILER_APPICON_NAME = AppIcon;
				INFOPLIST_FILE = SNVector/Info.plist;
				LD_RUNPATH_SEARCH_PATHS = "$(inherited) @executable_path/Frameworks";
				PRODUCT_BUNDLE_IDENTIFIER = com.cloudreaders.SNVector;
				PRODUCT_NAME = "$(TARGET_NAME)";
			};
			name = Debug;
		};
		74F4138F1D63DA04006F765E /* Release */ = {
			isa = XCBuildConfiguration;
			buildSettings = {
				ASSETCATALOG_COMPILER_APPICON_NAME = AppIcon;
				INFOPLIST_FILE = SNVector/Info.plist;
				LD_RUNPATH_SEARCH_PATHS = "$(inherited) @executable_path/Frameworks";
				PRODUCT_BUNDLE_IDENTIFIER = com.cloudreaders.SNVector;
				PRODUCT_NAME = "$(TARGET_NAME)";
			};
			name = Release;
		};
/* End XCBuildConfiguration section */

/* Begin XCConfigurationList section */
		74F413761D63DA04006F765E /* Build configuration list for PBXProject "SNVector" */ = {
			isa = XCConfigurationList;
			buildConfigurations = (
				74F4138B1D63DA04006F765E /* Debug */,
				74F4138C1D63DA04006F765E /* Release */,
			);
			defaultConfigurationIsVisible = 0;
			defaultConfigurationName = Release;
		};
		74F4138D1D63DA04006F765E /* Build configuration list for PBXNativeTarget "SNVector" */ = {
			isa = XCConfigurationList;
			buildConfigurations = (
				74F4138E1D63DA04006F765E /* Debug */,
				74F4138F1D63DA04006F765E /* Release */,
			);
			defaultConfigurationIsVisible = 0;
			defaultConfigurationName = Release;
		};
/* End XCConfigurationList section */
	};
	rootObject = 74F413731D63DA04006F765E /* Project object */;
}
